
Microsoft Visual Studio Solution File, Format Version 12.00
# Visual Studio Version 17
VisualStudioVersion = 17.3.32922.545
MinimumVisualStudioVersion = 10.0.40219.1
Project("{9A19103F-16F7-4668-BE54-9A1E7A4F7556}") = "ToDoApplication", "ToDoApplication.csproj", "{01A4EBE3-EF65-4BC9-8AD0-FCA87ED7ED9C}"
EndProject
Global
	GlobalSection(SolutionConfigurationPlatforms) = preSolution
		Debug|Any CPU = Debug|Any CPU
		Release|Any CPU = Release|Any CPU
	EndGlobalSection
	GlobalSection(ProjectConfigurationPlatforms) = postSolution
		{01A4EBE3-EF65-4BC9-8AD0-FCA87ED7ED9C}.Debug|Any CPU.ActiveCfg = Debug|Any CPU
		{01A4EBE3-EF65-4BC9-8AD0-FCA87ED7ED9C}.Debug|Any CPU.Build.0 = Debug|Any CPU
		{01A4EBE3-EF65-4BC9-8AD0-FCA87ED7ED9C}.Release|Any CPU.ActiveCfg = Release|Any CPU
		{01A4EBE3-EF65-4BC9-8AD0-FCA87ED7ED9C}.Release|Any CPU.Build.0 = Release|Any CPU
	EndGlobalSection
	GlobalSection(SolutionProperties) = preSolution
		HideSolutionNode = FALSE
	EndGlobalSection
	GlobalSection(ExtensibilityGlobals) = postSolution
		SolutionGuid = {91FD7C0F-3414-45E7-B38E-9AB32B5E520B}
	EndGlobalSection
EndGlobal
